
Microsoft Visual Studio Solution File, Format Version 12.00
# Visual Studio Version 17
VisualStudioVersion = 17.2.32317.152
MinimumVisualStudioVersion = 10.0.40219.1
Project("{FAE04EC0-301F-11D3-BF4B-00C04F79EFBC}") = "DateChanger", "DateChanger\DateChanger.csproj", "{D17CC154-50AF-48B9-9838-E889A1D80289}"
EndProject
Global
	GlobalSection(SolutionConfigurationPlatforms) = preSolution
		Debug|Any CPU = Debug|Any CPU
		Release|Any CPU = Release|Any CPU
	EndGlobalSection
	GlobalSection(ProjectConfigurationPlatforms) = postSolution
		{D17CC154-50AF-48B9-9838-E889A1D80289}.Debug|Any CPU.ActiveCfg = Debug|Any CPU
		{D17CC154-50AF-48B9-9838-E889A1D80289}.Debug|Any CPU.Build.0 = Debug|Any CPU
		{D17CC154-50AF-48B9-9838-E889A1D80289}.Release|Any CPU.ActiveCfg = Release|Any CPU
		{D17CC154-50AF-48B9-9838-E889A1D80289}.Release|Any CPU.Build.0 = Release|Any CPU
	EndGlobalSection
	GlobalSection(SolutionProperties) = preSolution
		HideSolutionNode = FALSE
	EndGlobalSection
	GlobalSection(ExtensibilityGlobals) = postSolution
		SolutionGuid = {7D663428-55A9-4713-9A7A-4A43BC72D2CB}
	EndGlobalSection
EndGlobal
